
Microsoft Visual Studio Solution File, Format Version 12.00
# Visual Studio Version 16
VisualStudioVersion = 16.0.30611.23
MinimumVisualStudioVersion = 10.0.40219.1
Project("{FAE04EC0-301F-11D3-BF4B-00C04F79EFBC}") = "HelloGithub", "HelloGithub\HelloGithub.csproj", "{17A6AF9D-54F4-4E4E-A725-C3DC56A9CF4C}"
EndProject
Global
	GlobalSection(SolutionConfigurationPlatforms) = preSolution
		Debug|Any CPU = Debug|Any CPU
		Release|Any CPU = Release|Any CPU
	EndGlobalSection
	GlobalSection(ProjectConfigurationPlatforms) = postSolution
		{17A6AF9D-54F4-4E4E-A725-C3DC56A9CF4C}.Debug|Any CPU.ActiveCfg = Debug|Any CPU
		{17A6AF9D-54F4-4E4E-A725-C3DC56A9CF4C}.Debug|Any CPU.Build.0 = Debug|Any CPU
		{17A6AF9D-54F4-4E4E-A725-C3DC56A9CF4C}.Release|Any CPU.ActiveCfg = Release|Any CPU
		{17A6AF9D-54F4-4E4E-A725-C3DC56A9CF4C}.Release|Any CPU.Build.0 = Release|Any CPU
	EndGlobalSection
	GlobalSection(SolutionProperties) = preSolution
		HideSolutionNode = FALSE
	EndGlobalSection
	GlobalSection(ExtensibilityGlobals) = postSolution
		SolutionGuid = {7E4B2FAD-F964-4309-8343-62CDCF616E85}
	EndGlobalSection
EndGlobal
